
Microsoft Visual Studio Solution File, Format Version 12.00
# Visual Studio 15
VisualStudioVersion = 15.0.28307.757
MinimumVisualStudioVersion = 10.0.40219.1
Project("{FAE04EC0-301F-11D3-BF4B-00C04F79EFBC}") = "L2M", "L2M.csproj", "{52A825BE-88DC-4AA3-8D44-41214C3F4827}"
EndProject
Project("{FAE04EC0-301F-11D3-BF4B-00C04F79EFBC}") = "ConfigL2M", "ConfigL2M\ConfigL2M.csproj", "{7E8A6B2E-F6C2-475D-9DA8-228626551C05}"
EndProject
Project("{FAE04EC0-301F-11D3-BF4B-00C04F79EFBC}") = "DataEventClient", "DataEventClient\DataEventClient.csproj", "{9B00C9BC-06D2-4FEB-BF6F-A23A863B38E5}"
EndProject
Global
	GlobalSection(SolutionConfigurationPlatforms) = preSolution
		Debug|Any CPU = Debug|Any CPU
		Release|Any CPU = Release|Any CPU
	EndGlobalSection
	GlobalSection(ProjectConfigurationPlatforms) = postSolution
		{52A825BE-88DC-4AA3-8D44-41214C3F4827}.Debug|Any CPU.ActiveCfg = Debug|Any CPU
		{52A825BE-88DC-4AA3-8D44-41214C3F4827}.Debug|Any CPU.Build.0 = Debug|Any CPU
		{52A825BE-88DC-4AA3-8D44-41214C3F4827}.Release|Any CPU.ActiveCfg = Release|Any CPU
		{52A825BE-88DC-4AA3-8D44-41214C3F4827}.Release|Any CPU.Build.0 = Release|Any CPU
		{7E8A6B2E-F6C2-475D-9DA8-228626551C05}.Debug|Any CPU.ActiveCfg = Debug|Any CPU
		{7E8A6B2E-F6C2-475D-9DA8-228626551C05}.Debug|Any CPU.Build.0 = Debug|Any CPU
		{7E8A6B2E-F6C2-475D-9DA8-228626551C05}.Release|Any CPU.ActiveCfg = Release|Any CPU
		{7E8A6B2E-F6C2-475D-9DA8-228626551C05}.Release|Any CPU.Build.0 = Release|Any CPU
		{9B00C9BC-06D2-4FEB-BF6F-A23A863B38E5}.Debug|Any CPU.ActiveCfg = Debug|Any CPU
		{9B00C9BC-06D2-4FEB-BF6F-A23A863B38E5}.Debug|Any CPU.Build.0 = Debug|Any CPU
		{9B00C9BC-06D2-4FEB-BF6F-A23A863B38E5}.Release|Any CPU.ActiveCfg = Release|Any CPU
		{9B00C9BC-06D2-4FEB-BF6F-A23A863B38E5}.Release|Any CPU.Build.0 = Release|Any CPU
	EndGlobalSection
	GlobalSection(SolutionProperties) = preSolution
		HideSolutionNode = FALSE
	EndGlobalSection
	GlobalSection(ExtensibilityGlobals) = postSolution
		SolutionGuid = {DFE97426-3C42-4796-AD11-83A0842ABCB5}
	EndGlobalSection
EndGlobal
